
Microsoft Visual Studio Solution File, Format Version 11.00
# Visual Studio 2010
Project("{FAE04EC0-301F-11D3-BF4B-00C04F79EFBC}") = "PhotonUnityNetworking.Editor", "PhotonUnityNetworking.Editor.csproj", "{2256bfb5-72e0-ac2e-c5cb-8475a98caef5}"
EndProject
Project("{FAE04EC0-301F-11D3-BF4B-00C04F79EFBC}") = "Assembly-CSharp", "Assembly-CSharp.csproj", "{7e8c47d1-6f7b-415e-6a9e-23339768662b}"
EndProject
Project("{FAE04EC0-301F-11D3-BF4B-00C04F79EFBC}") = "PhotonUnityNetworking", "PhotonUnityNetworking.csproj", "{e51c74a1-3526-00c0-7156-e9649622db5d}"
EndProject
Project("{FAE04EC0-301F-11D3-BF4B-00C04F79EFBC}") = "ParrelSync", "ParrelSync.csproj", "{972eb962-1d32-c441-5397-6b8ac1b20f7d}"
EndProject
Project("{FAE04EC0-301F-11D3-BF4B-00C04F79EFBC}") = "PhotonUnityNetworking.Demos", "PhotonUnityNetworking.Demos.csproj", "{2b46ebe6-fb40-a9dc-ab39-a256986fcd40}"
EndProject
Project("{FAE04EC0-301F-11D3-BF4B-00C04F79EFBC}") = "PhotonRealtime", "PhotonRealtime.csproj", "{0d22b4ef-a9d9-03ec-40e7-8467e3913d32}"
EndProject
Project("{FAE04EC0-301F-11D3-BF4B-00C04F79EFBC}") = "PhotonUnityNetworking.Utilities", "PhotonUnityNetworking.Utilities.csproj", "{07f1e08c-0dc7-853e-52c9-c4355b4503df}"
EndProject
Project("{FAE04EC0-301F-11D3-BF4B-00C04F79EFBC}") = "Assembly-CSharp-Editor", "Assembly-CSharp-Editor.csproj", "{14e63eca-5177-7020-b708-9df22a49160e}"
EndProject
Project("{FAE04EC0-301F-11D3-BF4B-00C04F79EFBC}") = "Assembly-CSharp-firstpass", "Assembly-CSharp-firstpass.csproj", "{6c9ca125-71b4-c5d5-c46c-753a79f87eee}"
EndProject
Project("{FAE04EC0-301F-11D3-BF4B-00C04F79EFBC}") = "PunDemos.DemoHubEditor", "PunDemos.DemoHubEditor.csproj", "{89e84f38-8e9c-dbf0-9c6f-385c9c7fd6dc}"
EndProject
Project("{FAE04EC0-301F-11D3-BF4B-00C04F79EFBC}") = "PunDemos.DemoSlotcarEditor", "PunDemos.DemoSlotcarEditor.csproj", "{e89007d9-f14a-93c6-1ef0-2e125701e3ca}"
EndProject
Project("{FAE04EC0-301F-11D3-BF4B-00C04F79EFBC}") = "PhotonChat", "PhotonChat.csproj", "{d7d3d0a0-382c-c952-acaf-bfa62a1aaf88}"
EndProject
Project("{FAE04EC0-301F-11D3-BF4B-00C04F79EFBC}") = "PhotonUnityNetworking.Utilities.PhotonPlayer.Editor", "PhotonUnityNetworking.Utilities.PhotonPlayer.Editor.csproj", "{7868056a-3a99-2195-6c32-aa0d059dafc6}"
EndProject
Project("{FAE04EC0-301F-11D3-BF4B-00C04F79EFBC}") = "PhotonUnityNetworking.Utilities.Culling.Editor", "PhotonUnityNetworking.Utilities.Culling.Editor.csproj", "{da3f9174-6422-8a14-a74a-63e03a4e9539}"
EndProject
Project("{FAE04EC0-301F-11D3-BF4B-00C04F79EFBC}") = "Assembly-CSharp-Editor-firstpass", "Assembly-CSharp-Editor-firstpass.csproj", "{766dd5ae-63be-e79b-a2ae-d127d8d8484e}"
EndProject
Global
	GlobalSection(SolutionConfigurationPlatforms) = preSolution
		Debug|Any CPU = Debug|Any CPU
	EndGlobalSection
	GlobalSection(ProjectConfigurationPlatforms) = postSolution
		{2256bfb5-72e0-ac2e-c5cb-8475a98caef5}.Debug|Any CPU.ActiveCfg = Debug|Any CPU
		{2256bfb5-72e0-ac2e-c5cb-8475a98caef5}.Debug|Any CPU.Build.0 = Debug|Any CPU
		{7e8c47d1-6f7b-415e-6a9e-23339768662b}.Debug|Any CPU.ActiveCfg = Debug|Any CPU
		{7e8c47d1-6f7b-415e-6a9e-23339768662b}.Debug|Any CPU.Build.0 = Debug|Any CPU
		{e51c74a1-3526-00c0-7156-e9649622db5d}.Debug|Any CPU.ActiveCfg = Debug|Any CPU
		{e51c74a1-3526-00c0-7156-e9649622db5d}.Debug|Any CPU.Build.0 = Debug|Any CPU
		{972eb962-1d32-c441-5397-6b8ac1b20f7d}.Debug|Any CPU.ActiveCfg = Debug|Any CPU
		{972eb962-1d32-c441-5397-6b8ac1b20f7d}.Debug|Any CPU.Build.0 = Debug|Any CPU
		{2b46ebe6-fb40-a9dc-ab39-a256986fcd40}.Debug|Any CPU.ActiveCfg = Debug|Any CPU
		{2b46ebe6-fb40-a9dc-ab39-a256986fcd40}.Debug|Any CPU.Build.0 = Debug|Any CPU
		{0d22b4ef-a9d9-03ec-40e7-8467e3913d32}.Debug|Any CPU.ActiveCfg = Debug|Any CPU
		{0d22b4ef-a9d9-03ec-40e7-8467e3913d32}.Debug|Any CPU.Build.0 = Debug|Any CPU
		{07f1e08c-0dc7-853e-52c9-c4355b4503df}.Debug|Any CPU.ActiveCfg = Debug|Any CPU
		{07f1e08c-0dc7-853e-52c9-c4355b4503df}.Debug|Any CPU.Build.0 = Debug|Any CPU
		{14e63eca-5177-7020-b708-9df22a49160e}.Debug|Any CPU.ActiveCfg = Debug|Any CPU
		{14e63eca-5177-7020-b708-9df22a49160e}.Debug|Any CPU.Build.0 = Debug|Any CPU
		{6c9ca125-71b4-c5d5-c46c-753a79f87eee}.Debug|Any CPU.ActiveCfg = Debug|Any CPU
		{6c9ca125-71b4-c5d5-c46c-753a79f87eee}.Debug|Any CPU.Build.0 = Debug|Any CPU
		{89e84f38-8e9c-dbf0-9c6f-385c9c7fd6dc}.Debug|Any CPU.ActiveCfg = Debug|Any CPU
		{89e84f38-8e9c-dbf0-9c6f-385c9c7fd6dc}.Debug|Any CPU.Build.0 = Debug|Any CPU
		{e89007d9-f14a-93c6-1ef0-2e125701e3ca}.Debug|Any CPU.ActiveCfg = Debug|Any CPU
		{e89007d9-f14a-93c6-1ef0-2e125701e3ca}.Debug|Any CPU.Build.0 = Debug|Any CPU
		{d7d3d0a0-382c-c952-acaf-bfa62a1aaf88}.Debug|Any CPU.ActiveCfg = Debug|Any CPU
		{d7d3d0a0-382c-c952-acaf-bfa62a1aaf88}.Debug|Any CPU.Build.0 = Debug|Any CPU
		{7868056a-3a99-2195-6c32-aa0d059dafc6}.Debug|Any CPU.ActiveCfg = Debug|Any CPU
		{7868056a-3a99-2195-6c32-aa0d059dafc6}.Debug|Any CPU.Build.0 = Debug|Any CPU
		{da3f9174-6422-8a14-a74a-63e03a4e9539}.Debug|Any CPU.ActiveCfg = Debug|Any CPU
		{da3f9174-6422-8a14-a74a-63e03a4e9539}.Debug|Any CPU.Build.0 = Debug|Any CPU
		{766dd5ae-63be-e79b-a2ae-d127d8d8484e}.Debug|Any CPU.ActiveCfg = Debug|Any CPU
		{766dd5ae-63be-e79b-a2ae-d127d8d8484e}.Debug|Any CPU.Build.0 = Debug|Any CPU
	EndGlobalSection
	GlobalSection(SolutionProperties) = preSolution
		HideSolutionNode = FALSE
	EndGlobalSection
EndGlobal
